# This file is automatically @generated by Cargo.
# It is not intended for manual editing.
version = 4

[[package]]
name = "foo"
version = "0.1.0"
dependencies = [
 "foo::bar",
 "foo::baz",
]

[[package]]
name = "foo::bar"
version = "0.1.0"
dependencies = [
 "foo::baz",
]

[[package]]
name = "foo::baz"
version = "0.1.0"
